
Microsoft Visual Studio Solution File, Format Version 12.00
# Visual Studio Version 16
VisualStudioVersion = 16.0.31624.102
MinimumVisualStudioVersion = 10.0.40219.1
Project("{FAE04EC0-301F-11D3-BF4B-00C04F79EFBC}") = "Examen", "..\Examen.\Examen.\Examen.csproj", "{4651D165-60C0-48EC-B974-35E0EBB02AE9}"
EndProject
Global
	GlobalSection(SolutionConfigurationPlatforms) = preSolution
		Debug|Any CPU = Debug|Any CPU
		Release|Any CPU = Release|Any CPU
	EndGlobalSection
	GlobalSection(ProjectConfigurationPlatforms) = postSolution
		{4651D165-60C0-48EC-B974-35E0EBB02AE9}.Debug|Any CPU.ActiveCfg = Debug|Any CPU
		{4651D165-60C0-48EC-B974-35E0EBB02AE9}.Debug|Any CPU.Build.0 = Debug|Any CPU
		{4651D165-60C0-48EC-B974-35E0EBB02AE9}.Release|Any CPU.ActiveCfg = Release|Any CPU
		{4651D165-60C0-48EC-B974-35E0EBB02AE9}.Release|Any CPU.Build.0 = Release|Any CPU
	EndGlobalSection
	GlobalSection(SolutionProperties) = preSolution
		HideSolutionNode = FALSE
	EndGlobalSection
	GlobalSection(ExtensibilityGlobals) = postSolution
		SolutionGuid = {DC0E293B-BF48-49BC-8421-6B2854841C02}
	EndGlobalSection
EndGlobal
